
Microsoft Visual Studio Solution File, Format Version 10.00
# Visual Studio 2008
Project("{FAE04EC0-301F-11D3-BF4B-00C04F79EFBC}") = "FizzBuzzPortal", "FizzBuzzPortal\FizzBuzzPortal.csproj", "{1B413002-E72E-423B-BC99-2077F9386439}"
EndProject
Project("{FAE04EC0-301F-11D3-BF4B-00C04F79EFBC}") = "AnwendungsSchicht.FizzBuzz", "AnwendungsSchicht.FizzBuzz\AnwendungsSchicht.FizzBuzz.csproj", "{2DA83CF5-9E52-4284-8977-DA21C70F3014}"
EndProject
Project("{FAE04EC0-301F-11D3-BF4B-00C04F79EFBC}") = "Tests.FizzBuzz", "Tests.FizzBuzz\Tests.FizzBuzz.csproj", "{7BBDF002-041D-4F74-A4F3-84F3290E7C61}"
EndProject
Global
	GlobalSection(SolutionConfigurationPlatforms) = preSolution
		Debug|Any CPU = Debug|Any CPU
		Release|Any CPU = Release|Any CPU
	EndGlobalSection
	GlobalSection(ProjectConfigurationPlatforms) = postSolution
		{1B413002-E72E-423B-BC99-2077F9386439}.Debug|Any CPU.ActiveCfg = Debug|Any CPU
		{1B413002-E72E-423B-BC99-2077F9386439}.Debug|Any CPU.Build.0 = Debug|Any CPU
		{1B413002-E72E-423B-BC99-2077F9386439}.Release|Any CPU.ActiveCfg = Release|Any CPU
		{1B413002-E72E-423B-BC99-2077F9386439}.Release|Any CPU.Build.0 = Release|Any CPU
		{2DA83CF5-9E52-4284-8977-DA21C70F3014}.Debug|Any CPU.ActiveCfg = Debug|Any CPU
		{2DA83CF5-9E52-4284-8977-DA21C70F3014}.Debug|Any CPU.Build.0 = Debug|Any CPU
		{2DA83CF5-9E52-4284-8977-DA21C70F3014}.Release|Any CPU.ActiveCfg = Release|Any CPU
		{2DA83CF5-9E52-4284-8977-DA21C70F3014}.Release|Any CPU.Build.0 = Release|Any CPU
		{7BBDF002-041D-4F74-A4F3-84F3290E7C61}.Debug|Any CPU.ActiveCfg = Debug|Any CPU
		{7BBDF002-041D-4F74-A4F3-84F3290E7C61}.Debug|Any CPU.Build.0 = Debug|Any CPU
		{7BBDF002-041D-4F74-A4F3-84F3290E7C61}.Release|Any CPU.ActiveCfg = Release|Any CPU
		{7BBDF002-041D-4F74-A4F3-84F3290E7C61}.Release|Any CPU.Build.0 = Release|Any CPU
	EndGlobalSection
	GlobalSection(SolutionProperties) = preSolution
		HideSolutionNode = FALSE
	EndGlobalSection
EndGlobal
